
Microsoft Visual Studio Solution File, Format Version 12.00
# Visual Studio Version 17
VisualStudioVersion = 17.7.34009.444
MinimumVisualStudioVersion = 10.0.40219.1
Project("{9A19103F-16F7-4668-BE54-9A1E7A4F7556}") = "SampleVideoEffects", "SampleVideoEffects\SampleVideoEffects.csproj", "{5F48E43E-C581-483B-B87A-891AD98A9BDB}"
EndProject
Project("{8BC9CEB8-8B4A-11D0-8D11-00A0C91BC942}") = "SampleVideoEffectsShaders", "SampleVideoEffectsShaders\SampleVideoEffectsShaders.vcxproj", "{6CFBE4F7-8856-4431-9EB3-D8A1DCF782C7}"
EndProject
Project("{9A19103F-16F7-4668-BE54-9A1E7A4F7556}") = "SampleAudioEffect", "SampleAudioEffect\SampleAudioEffect.csproj", "{860A356F-49D5-4291-BCB6-C95FF8A54EC4}"
EndProject
Project("{9A19103F-16F7-4668-BE54-9A1E7A4F7556}") = "SampleAudioSourcePlugin", "SampleAudioSourcePlugin\SampleAudioSourcePlugin.csproj", "{E2F60790-C53F-4509-848D-CA6FF13B4A9E}"
EndProject
Project("{9A19103F-16F7-4668-BE54-9A1E7A4F7556}") = "SampleSAPI5VoicePlugin", "SampleSAPI5VoicePlugin\SampleSAPI5VoicePlugin.csproj", "{10F394E3-E23A-4131-ACB3-37D620355BAE}"
EndProject
Project("{9A19103F-16F7-4668-BE54-9A1E7A4F7556}") = "SampleTachiePlugin", "SampleTachiePlugin\SampleTachiePlugin.csproj", "{DCB5F538-DD5B-46E9-82C0-C970A08A72C2}"
EndProject
Project("{9A19103F-16F7-4668-BE54-9A1E7A4F7556}") = "SampleTextCompletionPlugin", "SampleTextCompletionPlugin\SampleTextCompletionPlugin.csproj", "{9F94D730-8CF1-4561-BA6D-1508C6D3B381}"
EndProject
Project("{9A19103F-16F7-4668-BE54-9A1E7A4F7556}") = "SampleVideoFileWriterPlugin", "SampleVideoFileWriterPlugin\SampleVideoFileWriterPlugin.csproj", "{6D3A0DE4-7870-4C36-A976-44CC381877BF}"
EndProject
Project("{9A19103F-16F7-4668-BE54-9A1E7A4F7556}") = "SampleVideoSourcePlugin", "SampleVideoSourcePlugin\SampleVideoSourcePlugin.csproj", "{4C50C57B-34B9-41B5-BC16-56701F986F7F}"
EndProject
Project("{9A19103F-16F7-4668-BE54-9A1E7A4F7556}") = "SampleWICImageSourcePlugin", "SampleWICImageSourcePlugin\SampleWICImageSourcePlugin.csproj", "{EED233B1-1DF8-42C8-8C7E-747454614DBC}"
EndProject
Project("{9A19103F-16F7-4668-BE54-9A1E7A4F7556}") = "SampleLocalizePlugin", "SampleLocalizePlugin\SampleLocalizePlugin.csproj", "{37ADC9CB-2C8D-48BC-985A-64D0A6051015}"
EndProject
Project("{9A19103F-16F7-4668-BE54-9A1E7A4F7556}") = "SampleShapePlugin", "SampleShapePlugin\SampleShapePlugin.csproj", "{EB252345-D068-43D4-A65F-42FF33CC45E5}"
EndProject
Project("{FAE04EC0-301F-11D3-BF4B-00C04F79EFBC}") = "SamplePropertyEditors", "SamplePropertyEditors\SamplePropertyEditors.csproj", "{8CB05509-975E-45AA-91CB-97A4372D4C03}"
EndProject
Global
	GlobalSection(SolutionConfigurationPlatforms) = preSolution
		Debug|Any CPU = Debug|Any CPU
		Debug|x64 = Debug|x64
		Debug|x86 = Debug|x86
		Release|Any CPU = Release|Any CPU
		Release|x64 = Release|x64
		Release|x86 = Release|x86
	EndGlobalSection
	GlobalSection(ProjectConfigurationPlatforms) = postSolution
		{5F48E43E-C581-483B-B87A-891AD98A9BDB}.Debug|Any CPU.ActiveCfg = Debug|Any CPU
		{5F48E43E-C581-483B-B87A-891AD98A9BDB}.Debug|Any CPU.Build.0 = Debug|Any CPU
		{5F48E43E-C581-483B-B87A-891AD98A9BDB}.Debug|x64.ActiveCfg = Debug|Any CPU
		{5F48E43E-C581-483B-B87A-891AD98A9BDB}.Debug|x64.Build.0 = Debug|Any CPU
		{5F48E43E-C581-483B-B87A-891AD98A9BDB}.Debug|x86.ActiveCfg = Debug|Any CPU
		{5F48E43E-C581-483B-B87A-891AD98A9BDB}.Debug|x86.Build.0 = Debug|Any CPU
		{5F48E43E-C581-483B-B87A-891AD98A9BDB}.Release|Any CPU.ActiveCfg = Release|Any CPU
		{5F48E43E-C581-483B-B87A-891AD98A9BDB}.Release|Any CPU.Build.0 = Release|Any CPU
		{5F48E43E-C581-483B-B87A-891AD98A9BDB}.Release|x64.ActiveCfg = Release|Any CPU
		{5F48E43E-C581-483B-B87A-891AD98A9BDB}.Release|x64.Build.0 = Release|Any CPU
		{5F48E43E-C581-483B-B87A-891AD98A9BDB}.Release|x86.ActiveCfg = Release|Any CPU
		{5F48E43E-C581-483B-B87A-891AD98A9BDB}.Release|x86.Build.0 = Release|Any CPU
		{6CFBE4F7-8856-4431-9EB3-D8A1DCF782C7}.Debug|Any CPU.ActiveCfg = Debug|x64
		{6CFBE4F7-8856-4431-9EB3-D8A1DCF782C7}.Debug|Any CPU.Build.0 = Debug|x64
		{6CFBE4F7-8856-4431-9EB3-D8A1DCF782C7}.Debug|x64.ActiveCfg = Debug|x64
		{6CFBE4F7-8856-4431-9EB3-D8A1DCF782C7}.Debug|x64.Build.0 = Debug|x64
		{6CFBE4F7-8856-4431-9EB3-D8A1DCF782C7}.Debug|x86.ActiveCfg = Debug|Win32
		{6CFBE4F7-8856-4431-9EB3-D8A1DCF782C7}.Debug|x86.Build.0 = Debug|Win32
		{6CFBE4F7-8856-4431-9EB3-D8A1DCF782C7}.Release|Any CPU.ActiveCfg = Release|x64
		{6CFBE4F7-8856-4431-9EB3-D8A1DCF782C7}.Release|Any CPU.Build.0 = Release|x64
		{6CFBE4F7-8856-4431-9EB3-D8A1DCF782C7}.Release|x64.ActiveCfg = Release|x64
		{6CFBE4F7-8856-4431-9EB3-D8A1DCF782C7}.Release|x64.Build.0 = Release|x64
		{6CFBE4F7-8856-4431-9EB3-D8A1DCF782C7}.Release|x86.ActiveCfg = Release|Win32
		{6CFBE4F7-8856-4431-9EB3-D8A1DCF782C7}.Release|x86.Build.0 = Release|Win32
		{860A356F-49D5-4291-BCB6-C95FF8A54EC4}.Debug|Any CPU.ActiveCfg = Debug|Any CPU
		{860A356F-49D5-4291-BCB6-C95FF8A54EC4}.Debug|Any CPU.Build.0 = Debug|Any CPU
		{860A356F-49D5-4291-BCB6-C95FF8A54EC4}.Debug|x64.ActiveCfg = Debug|Any CPU
		{860A356F-49D5-4291-BCB6-C95FF8A54EC4}.Debug|x64.Build.0 = Debug|Any CPU
		{860A356F-49D5-4291-BCB6-C95FF8A54EC4}.Debug|x86.ActiveCfg = Debug|Any CPU
		{860A356F-49D5-4291-BCB6-C95FF8A54EC4}.Debug|x86.Build.0 = Debug|Any CPU
		{860A356F-49D5-4291-BCB6-C95FF8A54EC4}.Release|Any CPU.ActiveCfg = Release|Any CPU
		{860A356F-49D5-4291-BCB6-C95FF8A54EC4}.Release|Any CPU.Build.0 = Release|Any CPU
		{860A356F-49D5-4291-BCB6-C95FF8A54EC4}.Release|x64.ActiveCfg = Release|Any CPU
		{860A356F-49D5-4291-BCB6-C95FF8A54EC4}.Release|x64.Build.0 = Release|Any CPU
		{860A356F-49D5-4291-BCB6-C95FF8A54EC4}.Release|x86.ActiveCfg = Release|Any CPU
		{860A356F-49D5-4291-BCB6-C95FF8A54EC4}.Release|x86.Build.0 = Release|Any CPU
		{E2F60790-C53F-4509-848D-CA6FF13B4A9E}.Debug|Any CPU.ActiveCfg = Debug|Any CPU
		{E2F60790-C53F-4509-848D-CA6FF13B4A9E}.Debug|Any CPU.Build.0 = Debug|Any CPU
		{E2F60790-C53F-4509-848D-CA6FF13B4A9E}.Debug|x64.ActiveCfg = Debug|Any CPU
		{E2F60790-C53F-4509-848D-CA6FF13B4A9E}.Debug|x64.Build.0 = Debug|Any CPU
		{E2F60790-C53F-4509-848D-CA6FF13B4A9E}.Debug|x86.ActiveCfg = Debug|Any CPU
		{E2F60790-C53F-4509-848D-CA6FF13B4A9E}.Debug|x86.Build.0 = Debug|Any CPU
		{E2F60790-C53F-4509-848D-CA6FF13B4A9E}.Release|Any CPU.ActiveCfg = Release|Any CPU
		{E2F60790-C53F-4509-848D-CA6FF13B4A9E}.Release|Any CPU.Build.0 = Release|Any CPU
		{E2F60790-C53F-4509-848D-CA6FF13B4A9E}.Release|x64.ActiveCfg = Release|Any CPU
		{E2F60790-C53F-4509-848D-CA6FF13B4A9E}.Release|x64.Build.0 = Release|Any CPU
		{E2F60790-C53F-4509-848D-CA6FF13B4A9E}.Release|x86.ActiveCfg = Release|Any CPU
		{E2F60790-C53F-4509-848D-CA6FF13B4A9E}.Release|x86.Build.0 = Release|Any CPU
		{10F394E3-E23A-4131-ACB3-37D620355BAE}.Debug|Any CPU.ActiveCfg = Debug|Any CPU
		{10F394E3-E23A-4131-ACB3-37D620355BAE}.Debug|Any CPU.Build.0 = Debug|Any CPU
		{10F394E3-E23A-4131-ACB3-37D620355BAE}.Debug|x64.ActiveCfg = Debug|Any CPU
		{10F394E3-E23A-4131-ACB3-37D620355BAE}.Debug|x64.Build.0 = Debug|Any CPU
		{10F394E3-E23A-4131-ACB3-37D620355BAE}.Debug|x86.ActiveCfg = Debug|Any CPU
		{10F394E3-E23A-4131-ACB3-37D620355BAE}.Debug|x86.Build.0 = Debug|Any CPU
		{10F394E3-E23A-4131-ACB3-37D620355BAE}.Release|Any CPU.ActiveCfg = Release|Any CPU
		{10F394E3-E23A-4131-ACB3-37D620355BAE}.Release|Any CPU.Build.0 = Release|Any CPU
		{10F394E3-E23A-4131-ACB3-37D620355BAE}.Release|x64.ActiveCfg = Release|Any CPU
		{10F394E3-E23A-4131-ACB3-37D620355BAE}.Release|x64.Build.0 = Release|Any CPU
		{10F394E3-E23A-4131-ACB3-37D620355BAE}.Release|x86.ActiveCfg = Release|Any CPU
		{10F394E3-E23A-4131-ACB3-37D620355BAE}.Release|x86.Build.0 = Release|Any CPU
		{DCB5F538-DD5B-46E9-82C0-C970A08A72C2}.Debug|Any CPU.ActiveCfg = Debug|Any CPU
		{DCB5F538-DD5B-46E9-82C0-C970A08A72C2}.Debug|Any CPU.Build.0 = Debug|Any CPU
		{DCB5F538-DD5B-46E9-82C0-C970A08A72C2}.Debug|x64.ActiveCfg = Debug|Any CPU
		{DCB5F538-DD5B-46E9-82C0-C970A08A72C2}.Debug|x64.Build.0 = Debug|Any CPU
		{DCB5F538-DD5B-46E9-82C0-C970A08A72C2}.Debug|x86.ActiveCfg = Debug|Any CPU
		{DCB5F538-DD5B-46E9-82C0-C970A08A72C2}.Debug|x86.Build.0 = Debug|Any CPU
		{DCB5F538-DD5B-46E9-82C0-C970A08A72C2}.Release|Any CPU.ActiveCfg = Release|Any CPU
		{DCB5F538-DD5B-46E9-82C0-C970A08A72C2}.Release|Any CPU.Build.0 = Release|Any CPU
		{DCB5F538-DD5B-46E9-82C0-C970A08A72C2}.Release|x64.ActiveCfg = Release|Any CPU
		{DCB5F538-DD5B-46E9-82C0-C970A08A72C2}.Release|x64.Build.0 = Release|Any CPU
		{DCB5F538-DD5B-46E9-82C0-C970A08A72C2}.Release|x86.ActiveCfg = Release|Any CPU
		{DCB5F538-DD5B-46E9-82C0-C970A08A72C2}.Release|x86.Build.0 = Release|Any CPU
		{9F94D730-8CF1-4561-BA6D-1508C6D3B381}.Debug|Any CPU.ActiveCfg = Debug|Any CPU
		{9F94D730-8CF1-4561-BA6D-1508C6D3B381}.Debug|Any CPU.Build.0 = Debug|Any CPU
		{9F94D730-8CF1-4561-BA6D-1508C6D3B381}.Debug|x64.ActiveCfg = Debug|Any CPU
		{9F94D730-8CF1-4561-BA6D-1508C6D3B381}.Debug|x64.Build.0 = Debug|Any CPU
		{9F94D730-8CF1-4561-BA6D-1508C6D3B381}.Debug|x86.ActiveCfg = Debug|Any CPU
		{9F94D730-8CF1-4561-BA6D-1508C6D3B381}.Debug|x86.Build.0 = Debug|Any CPU
		{9F94D730-8CF1-4561-BA6D-1508C6D3B381}.Release|Any CPU.ActiveCfg = Release|Any CPU
		{9F94D730-8CF1-4561-BA6D-1508C6D3B381}.Release|Any CPU.Build.0 = Release|Any CPU
		{9F94D730-8CF1-4561-BA6D-1508C6D3B381}.Release|x64.ActiveCfg = Release|Any CPU
		{9F94D730-8CF1-4561-BA6D-1508C6D3B381}.Release|x64.Build.0 = Release|Any CPU
		{9F94D730-8CF1-4561-BA6D-1508C6D3B381}.Release|x86.ActiveCfg = Release|Any CPU
		{9F94D730-8CF1-4561-BA6D-1508C6D3B381}.Release|x86.Build.0 = Release|Any CPU
		{6D3A0DE4-7870-4C36-A976-44CC381877BF}.Debug|Any CPU.ActiveCfg = Debug|Any CPU
		{6D3A0DE4-7870-4C36-A976-44CC381877BF}.Debug|Any CPU.Build.0 = Debug|Any CPU
		{6D3A0DE4-7870-4C36-A976-44CC381877BF}.Debug|x64.ActiveCfg = Debug|Any CPU
		{6D3A0DE4-7870-4C36-A976-44CC381877BF}.Debug|x64.Build.0 = Debug|Any CPU
		{6D3A0DE4-7870-4C36-A976-44CC381877BF}.Debug|x86.ActiveCfg = Debug|Any CPU
		{6D3A0DE4-7870-4C36-A976-44CC381877BF}.Debug|x86.Build.0 = Debug|Any CPU
		{6D3A0DE4-7870-4C36-A976-44CC381877BF}.Release|Any CPU.ActiveCfg = Release|Any CPU
		{6D3A0DE4-7870-4C36-A976-44CC381877BF}.Release|Any CPU.Build.0 = Release|Any CPU
		{6D3A0DE4-7870-4C36-A976-44CC381877BF}.Release|x64.ActiveCfg = Release|Any CPU
		{6D3A0DE4-7870-4C36-A976-44CC381877BF}.Release|x64.Build.0 = Release|Any CPU
		{6D3A0DE4-7870-4C36-A976-44CC381877BF}.Release|x86.ActiveCfg = Release|Any CPU
		{6D3A0DE4-7870-4C36-A976-44CC381877BF}.Release|x86.Build.0 = Release|Any CPU
		{4C50C57B-34B9-41B5-BC16-56701F986F7F}.Debug|Any CPU.ActiveCfg = Debug|Any CPU
		{4C50C57B-34B9-41B5-BC16-56701F986F7F}.Debug|Any CPU.Build.0 = Debug|Any CPU
		{4C50C57B-34B9-41B5-BC16-56701F986F7F}.Debug|x64.ActiveCfg = Debug|Any CPU
		{4C50C57B-34B9-41B5-BC16-56701F986F7F}.Debug|x64.Build.0 = Debug|Any CPU
		{4C50C57B-34B9-41B5-BC16-56701F986F7F}.Debug|x86.ActiveCfg = Debug|Any CPU
		{4C50C57B-34B9-41B5-BC16-56701F986F7F}.Debug|x86.Build.0 = Debug|Any CPU
		{4C50C57B-34B9-41B5-BC16-56701F986F7F}.Release|Any CPU.ActiveCfg = Release|Any CPU
		{4C50C57B-34B9-41B5-BC16-56701F986F7F}.Release|Any CPU.Build.0 = Release|Any CPU
		{4C50C57B-34B9-41B5-BC16-56701F986F7F}.Release|x64.ActiveCfg = Release|Any CPU
		{4C50C57B-34B9-41B5-BC16-56701F986F7F}.Release|x64.Build.0 = Release|Any CPU
		{4C50C57B-34B9-41B5-BC16-56701F986F7F}.Release|x86.ActiveCfg = Release|Any CPU
		{4C50C57B-34B9-41B5-BC16-56701F986F7F}.Release|x86.Build.0 = Release|Any CPU
		{EED233B1-1DF8-42C8-8C7E-747454614DBC}.Debug|Any CPU.ActiveCfg = Debug|Any CPU
		{EED233B1-1DF8-42C8-8C7E-747454614DBC}.Debug|Any CPU.Build.0 = Debug|Any CPU
		{EED233B1-1DF8-42C8-8C7E-747454614DBC}.Debug|x64.ActiveCfg = Debug|Any CPU
		{EED233B1-1DF8-42C8-8C7E-747454614DBC}.Debug|x64.Build.0 = Debug|Any CPU
		{EED233B1-1DF8-42C8-8C7E-747454614DBC}.Debug|x86.ActiveCfg = Debug|Any CPU
		{EED233B1-1DF8-42C8-8C7E-747454614DBC}.Debug|x86.Build.0 = Debug|Any CPU
		{EED233B1-1DF8-42C8-8C7E-747454614DBC}.Release|Any CPU.ActiveCfg = Release|Any CPU
		{EED233B1-1DF8-42C8-8C7E-747454614DBC}.Release|Any CPU.Build.0 = Release|Any CPU
		{EED233B1-1DF8-42C8-8C7E-747454614DBC}.Release|x64.ActiveCfg = Release|Any CPU
		{EED233B1-1DF8-42C8-8C7E-747454614DBC}.Release|x64.Build.0 = Release|Any CPU
		{EED233B1-1DF8-42C8-8C7E-747454614DBC}.Release|x86.ActiveCfg = Release|Any CPU
		{EED233B1-1DF8-42C8-8C7E-747454614DBC}.Release|x86.Build.0 = Release|Any CPU
		{37ADC9CB-2C8D-48BC-985A-64D0A6051015}.Debug|Any CPU.ActiveCfg = Debug|Any CPU
		{37ADC9CB-2C8D-48BC-985A-64D0A6051015}.Debug|Any CPU.Build.0 = Debug|Any CPU
		{37ADC9CB-2C8D-48BC-985A-64D0A6051015}.Debug|x64.ActiveCfg = Debug|Any CPU
		{37ADC9CB-2C8D-48BC-985A-64D0A6051015}.Debug|x64.Build.0 = Debug|Any CPU
		{37ADC9CB-2C8D-48BC-985A-64D0A6051015}.Debug|x86.ActiveCfg = Debug|Any CPU
		{37ADC9CB-2C8D-48BC-985A-64D0A6051015}.Debug|x86.Build.0 = Debug|Any CPU
		{37ADC9CB-2C8D-48BC-985A-64D0A6051015}.Release|Any CPU.ActiveCfg = Release|Any CPU
		{37ADC9CB-2C8D-48BC-985A-64D0A6051015}.Release|Any CPU.Build.0 = Release|Any CPU
		{37ADC9CB-2C8D-48BC-985A-64D0A6051015}.Release|x64.ActiveCfg = Release|Any CPU
		{37ADC9CB-2C8D-48BC-985A-64D0A6051015}.Release|x64.Build.0 = Release|Any CPU
		{37ADC9CB-2C8D-48BC-985A-64D0A6051015}.Release|x86.ActiveCfg = Release|Any CPU
		{37ADC9CB-2C8D-48BC-985A-64D0A6051015}.Release|x86.Build.0 = Release|Any CPU
		{EB252345-D068-43D4-A65F-42FF33CC45E5}.Debug|Any CPU.ActiveCfg = Debug|Any CPU
		{EB252345-D068-43D4-A65F-42FF33CC45E5}.Debug|Any CPU.Build.0 = Debug|Any CPU
		{EB252345-D068-43D4-A65F-42FF33CC45E5}.Debug|x64.ActiveCfg = Debug|Any CPU
		{EB252345-D068-43D4-A65F-42FF33CC45E5}.Debug|x64.Build.0 = Debug|Any CPU
		{EB252345-D068-43D4-A65F-42FF33CC45E5}.Debug|x86.ActiveCfg = Debug|Any CPU
		{EB252345-D068-43D4-A65F-42FF33CC45E5}.Debug|x86.Build.0 = Debug|Any CPU
		{EB252345-D068-43D4-A65F-42FF33CC45E5}.Release|Any CPU.ActiveCfg = Release|Any CPU
		{EB252345-D068-43D4-A65F-42FF33CC45E5}.Release|Any CPU.Build.0 = Release|Any CPU
		{EB252345-D068-43D4-A65F-42FF33CC45E5}.Release|x64.ActiveCfg = Release|Any CPU
		{EB252345-D068-43D4-A65F-42FF33CC45E5}.Release|x64.Build.0 = Release|Any CPU
		{EB252345-D068-43D4-A65F-42FF33CC45E5}.Release|x86.ActiveCfg = Release|Any CPU
		{EB252345-D068-43D4-A65F-42FF33CC45E5}.Release|x86.Build.0 = Release|Any CPU
		{8CB05509-975E-45AA-91CB-97A4372D4C03}.Debug|Any CPU.ActiveCfg = Debug|Any CPU
		{8CB05509-975E-45AA-91CB-97A4372D4C03}.Debug|Any CPU.Build.0 = Debug|Any CPU
		{8CB05509-975E-45AA-91CB-97A4372D4C03}.Debug|x64.ActiveCfg = Debug|Any CPU
		{8CB05509-975E-45AA-91CB-97A4372D4C03}.Debug|x64.Build.0 = Debug|Any CPU
		{8CB05509-975E-45AA-91CB-97A4372D4C03}.Debug|x86.ActiveCfg = Debug|Any CPU
		{8CB05509-975E-45AA-91CB-97A4372D4C03}.Debug|x86.Build.0 = Debug|Any CPU
		{8CB05509-975E-45AA-91CB-97A4372D4C03}.Release|Any CPU.ActiveCfg = Release|Any CPU
		{8CB05509-975E-45AA-91CB-97A4372D4C03}.Release|Any CPU.Build.0 = Release|Any CPU
		{8CB05509-975E-45AA-91CB-97A4372D4C03}.Release|x64.ActiveCfg = Release|Any CPU
		{8CB05509-975E-45AA-91CB-97A4372D4C03}.Release|x64.Build.0 = Release|Any CPU
		{8CB05509-975E-45AA-91CB-97A4372D4C03}.Release|x86.ActiveCfg = Release|Any CPU
		{8CB05509-975E-45AA-91CB-97A4372D4C03}.Release|x86.Build.0 = Release|Any CPU
	EndGlobalSection
	GlobalSection(SolutionProperties) = preSolution
		HideSolutionNode = FALSE
	EndGlobalSection
	GlobalSection(ExtensibilityGlobals) = postSolution
		SolutionGuid = {50A59B3B-AFCD-4153-92D1-00D2C19F9C61}
	EndGlobalSection
EndGlobal
