
Microsoft Visual Studio Solution File, Format Version 12.00
# Visual Studio Version 17
VisualStudioVersion = 17.7.34009.444
MinimumVisualStudioVersion = 10.0.40219.1
Project("{8BC9CEB8-8B4A-11D0-8D11-00A0C91BC942}") = "SampleVideoEffectsShaders", "SampleVideoEffectsShaders\SampleVideoEffectsShaders.vcxproj", "{6CFBE4F7-8856-4431-9EB3-D8A1DCF782C7}"
EndProject
Project("{FAE04EC0-301F-11D3-BF4B-00C04F79EFBC}") = "YMM4SamplePlugin", "YMM4SamplePlugin\YMM4SamplePlugin.csproj", "{C124EEAD-3AB2-4990-A0F0-811A2A32BD3D}"
EndProject
Global
	GlobalSection(SolutionConfigurationPlatforms) = preSolution
		Debug|Any CPU = Debug|Any CPU
		Debug|x64 = Debug|x64
		Debug|x86 = Debug|x86
		Release|Any CPU = Release|Any CPU
		Release|x64 = Release|x64
		Release|x86 = Release|x86
	EndGlobalSection
	GlobalSection(ProjectConfigurationPlatforms) = postSolution
		{6CFBE4F7-8856-4431-9EB3-D8A1DCF782C7}.Debug|Any CPU.ActiveCfg = Debug|x64
		{6CFBE4F7-8856-4431-9EB3-D8A1DCF782C7}.Debug|Any CPU.Build.0 = Debug|x64
		{6CFBE4F7-8856-4431-9EB3-D8A1DCF782C7}.Debug|x64.ActiveCfg = Debug|x64
		{6CFBE4F7-8856-4431-9EB3-D8A1DCF782C7}.Debug|x64.Build.0 = Debug|x64
		{6CFBE4F7-8856-4431-9EB3-D8A1DCF782C7}.Debug|x86.ActiveCfg = Debug|Win32
		{6CFBE4F7-8856-4431-9EB3-D8A1DCF782C7}.Debug|x86.Build.0 = Debug|Win32
		{6CFBE4F7-8856-4431-9EB3-D8A1DCF782C7}.Release|Any CPU.ActiveCfg = Release|x64
		{6CFBE4F7-8856-4431-9EB3-D8A1DCF782C7}.Release|Any CPU.Build.0 = Release|x64
		{6CFBE4F7-8856-4431-9EB3-D8A1DCF782C7}.Release|x64.ActiveCfg = Release|x64
		{6CFBE4F7-8856-4431-9EB3-D8A1DCF782C7}.Release|x64.Build.0 = Release|x64
		{6CFBE4F7-8856-4431-9EB3-D8A1DCF782C7}.Release|x86.ActiveCfg = Release|Win32
		{6CFBE4F7-8856-4431-9EB3-D8A1DCF782C7}.Release|x86.Build.0 = Release|Win32
		{C124EEAD-3AB2-4990-A0F0-811A2A32BD3D}.Debug|Any CPU.ActiveCfg = Debug|Any CPU
		{C124EEAD-3AB2-4990-A0F0-811A2A32BD3D}.Debug|Any CPU.Build.0 = Debug|Any CPU
		{C124EEAD-3AB2-4990-A0F0-811A2A32BD3D}.Debug|x64.ActiveCfg = Debug|Any CPU
		{C124EEAD-3AB2-4990-A0F0-811A2A32BD3D}.Debug|x64.Build.0 = Debug|Any CPU
		{C124EEAD-3AB2-4990-A0F0-811A2A32BD3D}.Debug|x86.ActiveCfg = Debug|Any CPU
		{C124EEAD-3AB2-4990-A0F0-811A2A32BD3D}.Debug|x86.Build.0 = Debug|Any CPU
		{C124EEAD-3AB2-4990-A0F0-811A2A32BD3D}.Release|Any CPU.ActiveCfg = Release|Any CPU
		{C124EEAD-3AB2-4990-A0F0-811A2A32BD3D}.Release|Any CPU.Build.0 = Release|Any CPU
		{C124EEAD-3AB2-4990-A0F0-811A2A32BD3D}.Release|x64.ActiveCfg = Release|Any CPU
		{C124EEAD-3AB2-4990-A0F0-811A2A32BD3D}.Release|x64.Build.0 = Release|Any CPU
		{C124EEAD-3AB2-4990-A0F0-811A2A32BD3D}.Release|x86.ActiveCfg = Release|Any CPU
		{C124EEAD-3AB2-4990-A0F0-811A2A32BD3D}.Release|x86.Build.0 = Release|Any CPU
	EndGlobalSection
	GlobalSection(SolutionProperties) = preSolution
		HideSolutionNode = FALSE
	EndGlobalSection
	GlobalSection(ExtensibilityGlobals) = postSolution
		SolutionGuid = {50A59B3B-AFCD-4153-92D1-00D2C19F9C61}
	EndGlobalSection
EndGlobal
